
Microsoft Visual Studio Solution File, Format Version 12.00
Project("{FAE04EC0-301F-11D3-BF4B-00C04F79EFBC}") = "src\MyPets.API", "src\MyPets.API\MyPets.API.csproj", "{4C73C31B-CE03-4ED3-8450-A43F3AE04308}"
EndProject
Project("{2150E333-8FDC-42A3-9474-1A3956D46DE8}") = "src", "src", "{D788AC60-9978-4D2B-A269-17195C843362}"
EndProject
Project("{FAE04EC0-301F-11D3-BF4B-00C04F79EFBC}") = "src\MyPets.Application", "src\MyPets.Application\MyPets.Application.csproj", "{AD89DEA7-DA8A-482E-9C97-99F4AA4C1386}"
EndProject
Project("{FAE04EC0-301F-11D3-BF4B-00C04F79EFBC}") = "src\MyPets.DataAccess", "src\MyPets.DataAccess\MyPets.DataAccess.csproj", "{65D6B23B-9E22-490C-9EDF-20DC8BA0CEA8}"
EndProject
Project("{FAE04EC0-301F-11D3-BF4B-00C04F79EFBC}") = "src\MyPets.Domain", "src\MyPets.Domain\MyPets.Domain.csproj", "{098A61CE-F734-4D8F-A0B2-F09CB9D802D9}"
EndProject
Global
	GlobalSection(SolutionConfigurationPlatforms) = preSolution
		Debug|Any CPU = Debug|Any CPU
		Release|Any CPU = Release|Any CPU
	EndGlobalSection
	GlobalSection(ProjectConfigurationPlatforms) = postSolution
		{4C73C31B-CE03-4ED3-8450-A43F3AE04308}.Debug|Any CPU.ActiveCfg = Debug|Any CPU
		{4C73C31B-CE03-4ED3-8450-A43F3AE04308}.Debug|Any CPU.Build.0 = Debug|Any CPU
		{4C73C31B-CE03-4ED3-8450-A43F3AE04308}.Release|Any CPU.ActiveCfg = Release|Any CPU
		{4C73C31B-CE03-4ED3-8450-A43F3AE04308}.Release|Any CPU.Build.0 = Release|Any CPU
		{AD89DEA7-DA8A-482E-9C97-99F4AA4C1386}.Debug|Any CPU.ActiveCfg = Debug|Any CPU
		{AD89DEA7-DA8A-482E-9C97-99F4AA4C1386}.Debug|Any CPU.Build.0 = Debug|Any CPU
		{AD89DEA7-DA8A-482E-9C97-99F4AA4C1386}.Release|Any CPU.ActiveCfg = Release|Any CPU
		{AD89DEA7-DA8A-482E-9C97-99F4AA4C1386}.Release|Any CPU.Build.0 = Release|Any CPU
		{65D6B23B-9E22-490C-9EDF-20DC8BA0CEA8}.Debug|Any CPU.ActiveCfg = Debug|Any CPU
		{65D6B23B-9E22-490C-9EDF-20DC8BA0CEA8}.Debug|Any CPU.Build.0 = Debug|Any CPU
		{65D6B23B-9E22-490C-9EDF-20DC8BA0CEA8}.Release|Any CPU.ActiveCfg = Release|Any CPU
		{65D6B23B-9E22-490C-9EDF-20DC8BA0CEA8}.Release|Any CPU.Build.0 = Release|Any CPU
		{098A61CE-F734-4D8F-A0B2-F09CB9D802D9}.Debug|Any CPU.ActiveCfg = Debug|Any CPU
		{098A61CE-F734-4D8F-A0B2-F09CB9D802D9}.Debug|Any CPU.Build.0 = Debug|Any CPU
		{098A61CE-F734-4D8F-A0B2-F09CB9D802D9}.Release|Any CPU.ActiveCfg = Release|Any CPU
		{098A61CE-F734-4D8F-A0B2-F09CB9D802D9}.Release|Any CPU.Build.0 = Release|Any CPU
	EndGlobalSection
	GlobalSection(NestedProjects) = preSolution
		{4C73C31B-CE03-4ED3-8450-A43F3AE04308} = {D788AC60-9978-4D2B-A269-17195C843362}
		{AD89DEA7-DA8A-482E-9C97-99F4AA4C1386} = {D788AC60-9978-4D2B-A269-17195C843362}
		{65D6B23B-9E22-490C-9EDF-20DC8BA0CEA8} = {D788AC60-9978-4D2B-A269-17195C843362}
		{098A61CE-F734-4D8F-A0B2-F09CB9D802D9} = {D788AC60-9978-4D2B-A269-17195C843362}
	EndGlobalSection
EndGlobal
